
Microsoft Visual Studio Solution File, Format Version 12.00
# Visual Studio Version 17
VisualStudioVersion = 17.7.34221.43
MinimumVisualStudioVersion = 10.0.40219.1
Project("{9A19103F-16F7-4668-BE54-9A1E7A4F7556}") = "TestWebSocketApplication2", "TestWebSocketApplication2\TestWebSocketApplication2.csproj", "{AAA5939B-81A4-437B-8216-BF14D2E95DDC}"
EndProject
Global
	GlobalSection(SolutionConfigurationPlatforms) = preSolution
		Debug|Any CPU = Debug|Any CPU
		Release|Any CPU = Release|Any CPU
	EndGlobalSection
	GlobalSection(ProjectConfigurationPlatforms) = postSolution
		{AAA5939B-81A4-437B-8216-BF14D2E95DDC}.Debug|Any CPU.ActiveCfg = Debug|Any CPU
		{AAA5939B-81A4-437B-8216-BF14D2E95DDC}.Debug|Any CPU.Build.0 = Debug|Any CPU
		{AAA5939B-81A4-437B-8216-BF14D2E95DDC}.Release|Any CPU.ActiveCfg = Release|Any CPU
		{AAA5939B-81A4-437B-8216-BF14D2E95DDC}.Release|Any CPU.Build.0 = Release|Any CPU
	EndGlobalSection
	GlobalSection(SolutionProperties) = preSolution
		HideSolutionNode = FALSE
	EndGlobalSection
	GlobalSection(ExtensibilityGlobals) = postSolution
		SolutionGuid = {36462CD0-E001-4FC6-80A6-DA5FACA59A4A}
	EndGlobalSection
EndGlobal
